Microsoft Visual Studio Solution File, Format Version 9.00
# Visual Studio 2005
Project("{F184B08F-C81C-45F6-A57F-5ABD9991F28F}") = "WindowsApplication3", "WindowsApplication3\WindowsApplication3.vbproj", "{D4F66E42-C417-4413-8489-F079DF9CF8E9}"
EndProject
Global
	GlobalSection(SolutionConfigurationPlatforms) = preSolution
		Debug|Any CPU = Debug|Any CPU
		Release|Any CPU = Release|Any CPU
	EndGlobalSection
	GlobalSection(ProjectConfigurationPlatforms) = postSolution
		{D4F66E42-C417-4413-8489-F079DF9CF8E9}.Debug|Any CPU.ActiveCfg = Debug|Any CPU
		{D4F66E42-C417-4413-8489-F079DF9CF8E9}.Debug|Any CPU.Build.0 = Debug|Any CPU
		{D4F66E42-C417-4413-8489-F079DF9CF8E9}.Release|Any CPU.ActiveCfg = Release|Any CPU
		{D4F66E42-C417-4413-8489-F079DF9CF8E9}.Release|Any CPU.Build.0 = Release|Any CPU
	EndGlobalSection
	GlobalSection(SolutionProperties) = preSolution
		HideSolutionNode = FALSE
	EndGlobalSection
EndGlobal
